
Microsoft Visual Studio Solution File, Format Version 12.00
# Visual Studio Version 17
VisualStudioVersion = 17.1.32228.430
MinimumVisualStudioVersion = 10.0.40219.1
Project("{9A19103F-16F7-4668-BE54-9A1E7A4F7556}") = "NorthwindApiApp", "NorthwindApiApp\NorthwindApiApp.csproj", "{4A79F737-729E-44E6-A465-E365FEF7E6D0}"
EndProject
Project("{9A19103F-16F7-4668-BE54-9A1E7A4F7556}") = "Northwind.Services.EntityFramework.Blogging", "Northwind.Services.EntityFramework.Blogging\Northwind.Services.EntityFramework.Blogging.csproj", "{D8C10266-EC2D-4873-B5A4-27BAC7D1884F}"
EndProject
Project("{9A19103F-16F7-4668-BE54-9A1E7A4F7556}") = "Northwind.Services", "Northwind.Services\Northwind.Services.csproj", "{DB9A47EB-5B71-4A71-9A31-0D4B6D223A04}"
EndProject
Project("{FAE04EC0-301F-11D3-BF4B-00C04F79EFBC}") = "Northwind.Services.EntityFrameworkCore", "Northwind.Services.EntityFrameworkCore\Northwind.Services.EntityFrameworkCore.csproj", "{0DEF06BA-7EA4-4555-9BC5-9DB0E1555992}"
EndProject
Global
	GlobalSection(SolutionConfigurationPlatforms) = preSolution
		Debug|Any CPU = Debug|Any CPU
		Release|Any CPU = Release|Any CPU
	EndGlobalSection
	GlobalSection(ProjectConfigurationPlatforms) = postSolution
		{4A79F737-729E-44E6-A465-E365FEF7E6D0}.Debug|Any CPU.ActiveCfg = Debug|Any CPU
		{4A79F737-729E-44E6-A465-E365FEF7E6D0}.Debug|Any CPU.Build.0 = Debug|Any CPU
		{4A79F737-729E-44E6-A465-E365FEF7E6D0}.Release|Any CPU.ActiveCfg = Release|Any CPU
		{4A79F737-729E-44E6-A465-E365FEF7E6D0}.Release|Any CPU.Build.0 = Release|Any CPU
		{D8C10266-EC2D-4873-B5A4-27BAC7D1884F}.Debug|Any CPU.ActiveCfg = Debug|Any CPU
		{D8C10266-EC2D-4873-B5A4-27BAC7D1884F}.Debug|Any CPU.Build.0 = Debug|Any CPU
		{D8C10266-EC2D-4873-B5A4-27BAC7D1884F}.Release|Any CPU.ActiveCfg = Release|Any CPU
		{D8C10266-EC2D-4873-B5A4-27BAC7D1884F}.Release|Any CPU.Build.0 = Release|Any CPU
		{DB9A47EB-5B71-4A71-9A31-0D4B6D223A04}.Debug|Any CPU.ActiveCfg = Debug|Any CPU
		{DB9A47EB-5B71-4A71-9A31-0D4B6D223A04}.Debug|Any CPU.Build.0 = Debug|Any CPU
		{DB9A47EB-5B71-4A71-9A31-0D4B6D223A04}.Release|Any CPU.ActiveCfg = Release|Any CPU
		{DB9A47EB-5B71-4A71-9A31-0D4B6D223A04}.Release|Any CPU.Build.0 = Release|Any CPU
		{0DEF06BA-7EA4-4555-9BC5-9DB0E1555992}.Debug|Any CPU.ActiveCfg = Debug|Any CPU
		{0DEF06BA-7EA4-4555-9BC5-9DB0E1555992}.Debug|Any CPU.Build.0 = Debug|Any CPU
		{0DEF06BA-7EA4-4555-9BC5-9DB0E1555992}.Release|Any CPU.ActiveCfg = Release|Any CPU
		{0DEF06BA-7EA4-4555-9BC5-9DB0E1555992}.Release|Any CPU.Build.0 = Release|Any CPU
	EndGlobalSection
	GlobalSection(SolutionProperties) = preSolution
		HideSolutionNode = FALSE
	EndGlobalSection
	GlobalSection(ExtensibilityGlobals) = postSolution
		SolutionGuid = {96BA774B-792C-428A-803E-7D86C260C420}
	EndGlobalSection
EndGlobal
